
Microsoft Visual Studio Solution File, Format Version 11.00
# Visual Studio 2010
Project("{FAE04EC0-301F-11D3-BF4B-00C04F79EFBC}") = "soy_simu", "Assembly-CSharp.csproj", "{E3130FF2-80FE-CC0E-ADBC-C8C3B3016E91}"
EndProject
Project("{FAE04EC0-301F-11D3-BF4B-00C04F79EFBC}") = "soy_simu", "Assembly-CSharp-Editor.csproj", "{1A6F6AA6-3922-19A6-7E1B-C820E98AFACC}"
EndProject
Global
	GlobalSection(SolutionConfigurationPlatforms) = preSolution
		Debug|Any CPU = Debug|Any CPU
		Release|Any CPU = Release|Any CPU
	EndGlobalSection
	GlobalSection(ProjectConfigurationPlatforms) = postSolution
		{E3130FF2-80FE-CC0E-ADBC-C8C3B3016E91}.Debug|Any CPU.ActiveCfg = Debug|Any CPU
		{E3130FF2-80FE-CC0E-ADBC-C8C3B3016E91}.Debug|Any CPU.Build.0 = Debug|Any CPU
		{E3130FF2-80FE-CC0E-ADBC-C8C3B3016E91}.Release|Any CPU.ActiveCfg = Release|Any CPU
		{E3130FF2-80FE-CC0E-ADBC-C8C3B3016E91}.Release|Any CPU.Build.0 = Release|Any CPU
		{1A6F6AA6-3922-19A6-7E1B-C820E98AFACC}.Debug|Any CPU.ActiveCfg = Debug|Any CPU
		{1A6F6AA6-3922-19A6-7E1B-C820E98AFACC}.Debug|Any CPU.Build.0 = Debug|Any CPU
		{1A6F6AA6-3922-19A6-7E1B-C820E98AFACC}.Release|Any CPU.ActiveCfg = Release|Any CPU
		{1A6F6AA6-3922-19A6-7E1B-C820E98AFACC}.Release|Any CPU.Build.0 = Release|Any CPU
	EndGlobalSection
	GlobalSection(SolutionProperties) = preSolution
		HideSolutionNode = FALSE
	EndGlobalSection
	GlobalSection(MonoDevelopProperties) = preSolution
		StartupItem = Assembly-CSharp.csproj
	EndGlobalSection
EndGlobal
